
Microsoft Visual Studio Solution File, Format Version 12.00
# Visual Studio 15
VisualStudioVersion = 15.0.26730.16
MinimumVisualStudioVersion = 10.0.40219.1
Project("{FAE04EC0-301F-11D3-BF4B-00C04F79EFBC}") = "Mis_Paginas.Android", "Mis Paginas\Mis_Paginas.Android\Mis_Paginas.Android.csproj", "{7166F8A6-6B04-4159-A340-2CEFC5C8795B}"
EndProject
Project("{FAE04EC0-301F-11D3-BF4B-00C04F79EFBC}") = "Mis_Paginas", "Mis Paginas\Mis_Paginas\Mis_Paginas.csproj", "{CBAFAECC-73AA-44AE-B309-2DF097EAAD0E}"
EndProject
Project("{FAE04EC0-301F-11D3-BF4B-00C04F79EFBC}") = "Mis_Paginas.UWP", "Mis Paginas\Mis_Paginas.UWP\Mis_Paginas.UWP.csproj", "{738048A2-E720-4126-A607-8DB618E624C8}"
EndProject
Project("{FAE04EC0-301F-11D3-BF4B-00C04F79EFBC}") = "Mis_Paginas.iOS", "Mis Paginas\Mis_Paginas.iOS\Mis_Paginas.iOS.csproj", "{ADFC6B63-2F63-499D-94D6-9BA30562F107}"
EndProject
Global
	GlobalSection(SolutionConfigurationPlatforms) = preSolution
		Ad-Hoc|Any CPU = Ad-Hoc|Any CPU
		Ad-Hoc|ARM = Ad-Hoc|ARM
		Ad-Hoc|iPhone = Ad-Hoc|iPhone
		Ad-Hoc|iPhoneSimulator = Ad-Hoc|iPhoneSimulator
		Ad-Hoc|x64 = Ad-Hoc|x64
		Ad-Hoc|x86 = Ad-Hoc|x86
		AppStore|Any CPU = AppStore|Any CPU
		AppStore|ARM = AppStore|ARM
		AppStore|iPhone = AppStore|iPhone
		AppStore|iPhoneSimulator = AppStore|iPhoneSimulator
		AppStore|x64 = AppStore|x64
		AppStore|x86 = AppStore|x86
		Debug|Any CPU = Debug|Any CPU
		Debug|ARM = Debug|ARM
		Debug|iPhone = Debug|iPhone
		Debug|iPhoneSimulator = Debug|iPhoneSimulator
		Debug|x64 = Debug|x64
		Debug|x86 = Debug|x86
		Release|Any CPU = Release|Any CPU
		Release|ARM = Release|ARM
		Release|iPhone = Release|iPhone
		Release|iPhoneSimulator = Release|iPhoneSimulator
		Release|x64 = Release|x64
		Release|x86 = Release|x86
	EndGlobalSection
	GlobalSection(ProjectConfigurationPlatforms) = postSolution
		{7166F8A6-6B04-4159-A340-2CEFC5C8795B}.Ad-Hoc|Any CPU.ActiveCfg = Release|Any CPU
		{7166F8A6-6B04-4159-A340-2CEFC5C8795B}.Ad-Hoc|Any CPU.Build.0 = Release|Any CPU
		{7166F8A6-6B04-4159-A340-2CEFC5C8795B}.Ad-Hoc|Any CPU.Deploy.0 = Release|Any CPU
		{7166F8A6-6B04-4159-A340-2CEFC5C8795B}.Ad-Hoc|ARM.ActiveCfg = Release|Any CPU
		{7166F8A6-6B04-4159-A340-2CEFC5C8795B}.Ad-Hoc|ARM.Build.0 = Release|Any CPU
		{7166F8A6-6B04-4159-A340-2CEFC5C8795B}.Ad-Hoc|ARM.Deploy.0 = Release|Any CPU
		{7166F8A6-6B04-4159-A340-2CEFC5C8795B}.Ad-Hoc|iPhone.ActiveCfg = Release|Any CPU
		{7166F8A6-6B04-4159-A340-2CEFC5C8795B}.Ad-Hoc|iPhone.Build.0 = Release|Any CPU
		{7166F8A6-6B04-4159-A340-2CEFC5C8795B}.Ad-Hoc|iPhone.Deploy.0 = Release|Any CPU
		{7166F8A6-6B04-4159-A340-2CEFC5C8795B}.Ad-Hoc|iPhoneSimulator.ActiveCfg = Release|Any CPU
		{7166F8A6-6B04-4159-A340-2CEFC5C8795B}.Ad-Hoc|iPhoneSimulator.Build.0 = Release|Any CPU
		{7166F8A6-6B04-4159-A340-2CEFC5C8795B}.Ad-Hoc|iPhoneSimulator.Deploy.0 = Release|Any CPU
		{7166F8A6-6B04-4159-A340-2CEFC5C8795B}.Ad-Hoc|x64.ActiveCfg = Release|Any CPU
		{7166F8A6-6B04-4159-A340-2CEFC5C8795B}.Ad-Hoc|x64.Build.0 = Release|Any CPU
		{7166F8A6-6B04-4159-A340-2CEFC5C8795B}.Ad-Hoc|x64.Deploy.0 = Release|Any CPU
		{7166F8A6-6B04-4159-A340-2CEFC5C8795B}.Ad-Hoc|x86.ActiveCfg = Release|Any CPU
		{7166F8A6-6B04-4159-A340-2CEFC5C8795B}.Ad-Hoc|x86.Build.0 = Release|Any CPU
		{7166F8A6-6B04-4159-A340-2CEFC5C8795B}.Ad-Hoc|x86.Deploy.0 = Release|Any CPU
		{7166F8A6-6B04-4159-A340-2CEFC5C8795B}.AppStore|Any CPU.ActiveCfg = Release|Any CPU
		{7166F8A6-6B04-4159-A340-2CEFC5C8795B}.AppStore|Any CPU.Build.0 = Release|Any CPU
		{7166F8A6-6B04-4159-A340-2CEFC5C8795B}.AppStore|Any CPU.Deploy.0 = Release|Any CPU
		{7166F8A6-6B04-4159-A340-2CEFC5C8795B}.AppStore|ARM.ActiveCfg = Release|Any CPU
		{7166F8A6-6B04-4159-A340-2CEFC5C8795B}.AppStore|ARM.Build.0 = Release|Any CPU
		{7166F8A6-6B04-4159-A340-2CEFC5C8795B}.AppStore|ARM.Deploy.0 = Release|Any CPU
		{7166F8A6-6B04-4159-A340-2CEFC5C8795B}.AppStore|iPhone.ActiveCfg = Release|Any CPU
		{7166F8A6-6B04-4159-A340-2CEFC5C8795B}.AppStore|iPhone.Build.0 = Release|Any CPU
		{7166F8A6-6B04-4159-A340-2CEFC5C8795B}.AppStore|iPhone.Deploy.0 = Release|Any CPU
		{7166F8A6-6B04-4159-A340-2CEFC5C8795B}.AppStore|iPhoneSimulator.ActiveCfg = Release|Any CPU
		{7166F8A6-6B04-4159-A340-2CEFC5C8795B}.AppStore|iPhoneSimulator.Build.0 = Release|Any CPU
		{7166F8A6-6B04-4159-A340-2CEFC5C8795B}.AppStore|iPhoneSimulator.Deploy.0 = Release|Any CPU
		{7166F8A6-6B04-4159-A340-2CEFC5C8795B}.AppStore|x64.ActiveCfg = Release|Any CPU
		{7166F8A6-6B04-4159-A340-2CEFC5C8795B}.AppStore|x64.Build.0 = Release|Any CPU
		{7166F8A6-6B04-4159-A340-2CEFC5C8795B}.AppStore|x64.Deploy.0 = Release|Any CPU
		{7166F8A6-6B04-4159-A340-2CEFC5C8795B}.AppStore|x86.ActiveCfg = Release|Any CPU
		{7166F8A6-6B04-4159-A340-2CEFC5C8795B}.AppStore|x86.Build.0 = Release|Any CPU
		{7166F8A6-6B04-4159-A340-2CEFC5C8795B}.AppStore|x86.Deploy.0 = Release|Any CPU
		{7166F8A6-6B04-4159-A340-2CEFC5C8795B}.Debug|Any CPU.ActiveCfg = Debug|Any CPU
		{7166F8A6-6B04-4159-A340-2CEFC5C8795B}.Debug|Any CPU.Build.0 = Debug|Any CPU
		{7166F8A6-6B04-4159-A340-2CEFC5C8795B}.Debug|Any CPU.Deploy.0 = Debug|Any CPU
		{7166F8A6-6B04-4159-A340-2CEFC5C8795B}.Debug|ARM.ActiveCfg = Debug|Any CPU
		{7166F8A6-6B04-4159-A340-2CEFC5C8795B}.Debug|ARM.Build.0 = Debug|Any CPU
		{7166F8A6-6B04-4159-A340-2CEFC5C8795B}.Debug|ARM.Deploy.0 = Debug|Any CPU
		{7166F8A6-6B04-4159-A340-2CEFC5C8795B}.Debug|iPhone.ActiveCfg = Debug|Any CPU
		{7166F8A6-6B04-4159-A340-2CEFC5C8795B}.Debug|iPhone.Build.0 = Debug|Any CPU
		{7166F8A6-6B04-4159-A340-2CEFC5C8795B}.Debug|iPhone.Deploy.0 = Debug|Any CPU
		{7166F8A6-6B04-4159-A340-2CEFC5C8795B}.Debug|iPhoneSimulator.ActiveCfg = Debug|Any CPU
		{7166F8A6-6B04-4159-A340-2CEFC5C8795B}.Debug|iPhoneSimulator.Build.0 = Debug|Any CPU
		{7166F8A6-6B04-4159-A340-2CEFC5C8795B}.Debug|iPhoneSimulator.Deploy.0 = Debug|Any CPU
		{7166F8A6-6B04-4159-A340-2CEFC5C8795B}.Debug|x64.ActiveCfg = Debug|Any CPU
		{7166F8A6-6B04-4159-A340-2CEFC5C8795B}.Debug|x64.Build.0 = Debug|Any CPU
		{7166F8A6-6B04-4159-A340-2CEFC5C8795B}.Debug|x64.Deploy.0 = Debug|Any CPU
		{7166F8A6-6B04-4159-A340-2CEFC5C8795B}.Debug|x86.ActiveCfg = Debug|Any CPU
		{7166F8A6-6B04-4159-A340-2CEFC5C8795B}.Debug|x86.Build.0 = Debug|Any CPU
		{7166F8A6-6B04-4159-A340-2CEFC5C8795B}.Debug|x86.Deploy.0 = Debug|Any CPU
		{7166F8A6-6B04-4159-A340-2CEFC5C8795B}.Release|Any CPU.ActiveCfg = Release|Any CPU
		{7166F8A6-6B04-4159-A340-2CEFC5C8795B}.Release|Any CPU.Build.0 = Release|Any CPU
		{7166F8A6-6B04-4159-A340-2CEFC5C8795B}.Release|Any CPU.Deploy.0 = Release|Any CPU
		{7166F8A6-6B04-4159-A340-2CEFC5C8795B}.Release|ARM.ActiveCfg = Release|Any CPU
		{7166F8A6-6B04-4159-A340-2CEFC5C8795B}.Release|ARM.Build.0 = Release|Any CPU
		{7166F8A6-6B04-4159-A340-2CEFC5C8795B}.Release|ARM.Deploy.0 = Release|Any CPU
		{7166F8A6-6B04-4159-A340-2CEFC5C8795B}.Release|iPhone.ActiveCfg = Release|Any CPU
		{7166F8A6-6B04-4159-A340-2CEFC5C8795B}.Release|iPhone.Build.0 = Release|Any CPU
		{7166F8A6-6B04-4159-A340-2CEFC5C8795B}.Release|iPhone.Deploy.0 = Release|Any CPU
		{7166F8A6-6B04-4159-A340-2CEFC5C8795B}.Release|iPhoneSimulator.ActiveCfg = Release|Any CPU
		{7166F8A6-6B04-4159-A340-2CEFC5C8795B}.Release|iPhoneSimulator.Build.0 = Release|Any CPU
		{7166F8A6-6B04-4159-A340-2CEFC5C8795B}.Release|iPhoneSimulator.Deploy.0 = Release|Any CPU
		{7166F8A6-6B04-4159-A340-2CEFC5C8795B}.Release|x64.ActiveCfg = Release|Any CPU
		{7166F8A6-6B04-4159-A340-2CEFC5C8795B}.Release|x64.Build.0 = Release|Any CPU
		{7166F8A6-6B04-4159-A340-2CEFC5C8795B}.Release|x64.Deploy.0 = Release|Any CPU
		{7166F8A6-6B04-4159-A340-2CEFC5C8795B}.Release|x86.ActiveCfg = Release|Any CPU
		{7166F8A6-6B04-4159-A340-2CEFC5C8795B}.Release|x86.Build.0 = Release|Any CPU
		{7166F8A6-6B04-4159-A340-2CEFC5C8795B}.Release|x86.Deploy.0 = Release|Any CPU
		{CBAFAECC-73AA-44AE-B309-2DF097EAAD0E}.Ad-Hoc|Any CPU.ActiveCfg = Release|Any CPU
		{CBAFAECC-73AA-44AE-B309-2DF097EAAD0E}.Ad-Hoc|Any CPU.Build.0 = Release|Any CPU
		{CBAFAECC-73AA-44AE-B309-2DF097EAAD0E}.Ad-Hoc|ARM.ActiveCfg = Release|Any CPU
		{CBAFAECC-73AA-44AE-B309-2DF097EAAD0E}.Ad-Hoc|ARM.Build.0 = Release|Any CPU
		{CBAFAECC-73AA-44AE-B309-2DF097EAAD0E}.Ad-Hoc|iPhone.ActiveCfg = Release|Any CPU
		{CBAFAECC-73AA-44AE-B309-2DF097EAAD0E}.Ad-Hoc|iPhone.Build.0 = Release|Any CPU
		{CBAFAECC-73AA-44AE-B309-2DF097EAAD0E}.Ad-Hoc|iPhoneSimulator.ActiveCfg = Release|Any CPU
		{CBAFAECC-73AA-44AE-B309-2DF097EAAD0E}.Ad-Hoc|iPhoneSimulator.Build.0 = Release|Any CPU
		{CBAFAECC-73AA-44AE-B309-2DF097EAAD0E}.Ad-Hoc|x64.ActiveCfg = Release|Any CPU
		{CBAFAECC-73AA-44AE-B309-2DF097EAAD0E}.Ad-Hoc|x64.Build.0 = Release|Any CPU
		{CBAFAECC-73AA-44AE-B309-2DF097EAAD0E}.Ad-Hoc|x86.ActiveCfg = Release|Any CPU
		{CBAFAECC-73AA-44AE-B309-2DF097EAAD0E}.Ad-Hoc|x86.Build.0 = Release|Any CPU
		{CBAFAECC-73AA-44AE-B309-2DF097EAAD0E}.AppStore|Any CPU.ActiveCfg = Release|Any CPU
		{CBAFAECC-73AA-44AE-B309-2DF097EAAD0E}.AppStore|Any CPU.Build.0 = Release|Any CPU
		{CBAFAECC-73AA-44AE-B309-2DF097EAAD0E}.AppStore|ARM.ActiveCfg = Release|Any CPU
		{CBAFAECC-73AA-44AE-B309-2DF097EAAD0E}.AppStore|ARM.Build.0 = Release|Any CPU
		{CBAFAECC-73AA-44AE-B309-2DF097EAAD0E}.AppStore|iPhone.ActiveCfg = Release|Any CPU
		{CBAFAECC-73AA-44AE-B309-2DF097EAAD0E}.AppStore|iPhone.Build.0 = Release|Any CPU
		{CBAFAECC-73AA-44AE-B309-2DF097EAAD0E}.AppStore|iPhoneSimulator.ActiveCfg = Release|Any CPU
		{CBAFAECC-73AA-44AE-B309-2DF097EAAD0E}.AppStore|iPhoneSimulator.Build.0 = Release|Any CPU
		{CBAFAECC-73AA-44AE-B309-2DF097EAAD0E}.AppStore|x64.ActiveCfg = Release|Any CPU
		{CBAFAECC-73AA-44AE-B309-2DF097EAAD0E}.AppStore|x64.Build.0 = Release|Any CPU
		{CBAFAECC-73AA-44AE-B309-2DF097EAAD0E}.AppStore|x86.ActiveCfg = Release|Any CPU
		{CBAFAECC-73AA-44AE-B309-2DF097EAAD0E}.AppStore|x86.Build.0 = Release|Any CPU
		{CBAFAECC-73AA-44AE-B309-2DF097EAAD0E}.Debug|Any CPU.ActiveCfg = Debug|Any CPU
		{CBAFAECC-73AA-44AE-B309-2DF097EAAD0E}.Debug|Any CPU.Build.0 = Debug|Any CPU
		{CBAFAECC-73AA-44AE-B309-2DF097EAAD0E}.Debug|ARM.ActiveCfg = Debug|Any CPU
		{CBAFAECC-73AA-44AE-B309-2DF097EAAD0E}.Debug|ARM.Build.0 = Debug|Any CPU
		{CBAFAECC-73AA-44AE-B309-2DF097EAAD0E}.Debug|iPhone.ActiveCfg = Debug|Any CPU
		{CBAFAECC-73AA-44AE-B309-2DF097EAAD0E}.Debug|iPhone.Build.0 = Debug|Any CPU
		{CBAFAECC-73AA-44AE-B309-2DF097EAAD0E}.Debug|iPhoneSimulator.ActiveCfg = Debug|Any CPU
		{CBAFAECC-73AA-44AE-B309-2DF097EAAD0E}.Debug|iPhoneSimulator.Build.0 = Debug|Any CPU
		{CBAFAECC-73AA-44AE-B309-2DF097EAAD0E}.Debug|x64.ActiveCfg = Debug|Any CPU
		{CBAFAECC-73AA-44AE-B309-2DF097EAAD0E}.Debug|x64.Build.0 = Debug|Any CPU
		{CBAFAECC-73AA-44AE-B309-2DF097EAAD0E}.Debug|x86.ActiveCfg = Debug|Any CPU
		{CBAFAECC-73AA-44AE-B309-2DF097EAAD0E}.Debug|x86.Build.0 = Debug|Any CPU
		{CBAFAECC-73AA-44AE-B309-2DF097EAAD0E}.Release|Any CPU.ActiveCfg = Release|Any CPU
		{CBAFAECC-73AA-44AE-B309-2DF097EAAD0E}.Release|Any CPU.Build.0 = Release|Any CPU
		{CBAFAECC-73AA-44AE-B309-2DF097EAAD0E}.Release|ARM.ActiveCfg = Release|Any CPU
		{CBAFAECC-73AA-44AE-B309-2DF097EAAD0E}.Release|ARM.Build.0 = Release|Any CPU
		{CBAFAECC-73AA-44AE-B309-2DF097EAAD0E}.Release|iPhone.ActiveCfg = Release|Any CPU
		{CBAFAECC-73AA-44AE-B309-2DF097EAAD0E}.Release|iPhone.Build.0 = Release|Any CPU
		{CBAFAECC-73AA-44AE-B309-2DF097EAAD0E}.Release|iPhoneSimulator.ActiveCfg = Release|Any CPU
		{CBAFAECC-73AA-44AE-B309-2DF097EAAD0E}.Release|iPhoneSimulator.Build.0 = Release|Any CPU
		{CBAFAECC-73AA-44AE-B309-2DF097EAAD0E}.Release|x64.ActiveCfg = Release|Any CPU
		{CBAFAECC-73AA-44AE-B309-2DF097EAAD0E}.Release|x64.Build.0 = Release|Any CPU
		{CBAFAECC-73AA-44AE-B309-2DF097EAAD0E}.Release|x86.ActiveCfg = Release|Any CPU
		{CBAFAECC-73AA-44AE-B309-2DF097EAAD0E}.Release|x86.Build.0 = Release|Any CPU
		{738048A2-E720-4126-A607-8DB618E624C8}.Ad-Hoc|Any CPU.ActiveCfg = Release|x86
		{738048A2-E720-4126-A607-8DB618E624C8}.Ad-Hoc|Any CPU.Build.0 = Release|x86
		{738048A2-E720-4126-A607-8DB618E624C8}.Ad-Hoc|Any CPU.Deploy.0 = Release|x86
		{738048A2-E720-4126-A607-8DB618E624C8}.Ad-Hoc|ARM.ActiveCfg = Release|ARM
		{738048A2-E720-4126-A607-8DB618E624C8}.Ad-Hoc|ARM.Build.0 = Release|ARM
		{738048A2-E720-4126-A607-8DB618E624C8}.Ad-Hoc|ARM.Deploy.0 = Release|ARM
		{738048A2-E720-4126-A607-8DB618E624C8}.Ad-Hoc|iPhone.ActiveCfg = Release|x86
		{738048A2-E720-4126-A607-8DB618E624C8}.Ad-Hoc|iPhone.Build.0 = Release|x86
		{738048A2-E720-4126-A607-8DB618E624C8}.Ad-Hoc|iPhone.Deploy.0 = Release|x86
		{738048A2-E720-4126-A607-8DB618E624C8}.Ad-Hoc|iPhoneSimulator.ActiveCfg = Release|x86
		{738048A2-E720-4126-A607-8DB618E624C8}.Ad-Hoc|iPhoneSimulator.Build.0 = Release|x86
		{738048A2-E720-4126-A607-8DB618E624C8}.Ad-Hoc|iPhoneSimulator.Deploy.0 = Release|x86
		{738048A2-E720-4126-A607-8DB618E624C8}.Ad-Hoc|x64.ActiveCfg = Release|x64
		{738048A2-E720-4126-A607-8DB618E624C8}.Ad-Hoc|x64.Build.0 = Release|x64
		{738048A2-E720-4126-A607-8DB618E624C8}.Ad-Hoc|x64.Deploy.0 = Release|x64
		{738048A2-E720-4126-A607-8DB618E624C8}.Ad-Hoc|x86.ActiveCfg = Release|x86
		{738048A2-E720-4126-A607-8DB618E624C8}.Ad-Hoc|x86.Build.0 = Release|x86
		{738048A2-E720-4126-A607-8DB618E624C8}.Ad-Hoc|x86.Deploy.0 = Release|x86
		{738048A2-E720-4126-A607-8DB618E624C8}.AppStore|Any CPU.ActiveCfg = Release|x86
		{738048A2-E720-4126-A607-8DB618E624C8}.AppStore|Any CPU.Build.0 = Release|x86
		{738048A2-E720-4126-A607-8DB618E624C8}.AppStore|Any CPU.Deploy.0 = Release|x86
		{738048A2-E720-4126-A607-8DB618E624C8}.AppStore|ARM.ActiveCfg = Release|ARM
		{738048A2-E720-4126-A607-8DB618E624C8}.AppStore|ARM.Build.0 = Release|ARM
		{738048A2-E720-4126-A607-8DB618E624C8}.AppStore|ARM.Deploy.0 = Release|ARM
		{738048A2-E720-4126-A607-8DB618E624C8}.AppStore|iPhone.ActiveCfg = Release|x86
		{738048A2-E720-4126-A607-8DB618E624C8}.AppStore|iPhone.Build.0 = Release|x86
		{738048A2-E720-4126-A607-8DB618E624C8}.AppStore|iPhone.Deploy.0 = Release|x86
		{738048A2-E720-4126-A607-8DB618E624C8}.AppStore|iPhoneSimulator.ActiveCfg = Release|x86
		{738048A2-E720-4126-A607-8DB618E624C8}.AppStore|iPhoneSimulator.Build.0 = Release|x86
		{738048A2-E720-4126-A607-8DB618E624C8}.AppStore|iPhoneSimulator.Deploy.0 = Release|x86
		{738048A2-E720-4126-A607-8DB618E624C8}.AppStore|x64.ActiveCfg = Release|x64
		{738048A2-E720-4126-A607-8DB618E624C8}.AppStore|x64.Build.0 = Release|x64
		{738048A2-E720-4126-A607-8DB618E624C8}.AppStore|x64.Deploy.0 = Release|x64
		{738048A2-E720-4126-A607-8DB618E624C8}.AppStore|x86.ActiveCfg = Release|x86
		{738048A2-E720-4126-A607-8DB618E624C8}.AppStore|x86.Build.0 = Release|x86
		{738048A2-E720-4126-A607-8DB618E624C8}.AppStore|x86.Deploy.0 = Release|x86
		{738048A2-E720-4126-A607-8DB618E624C8}.Debug|Any CPU.ActiveCfg = Debug|x86
		{738048A2-E720-4126-A607-8DB618E624C8}.Debug|ARM.ActiveCfg = Debug|ARM
		{738048A2-E720-4126-A607-8DB618E624C8}.Debug|ARM.Build.0 = Debug|ARM
		{738048A2-E720-4126-A607-8DB618E624C8}.Debug|ARM.Deploy.0 = Debug|ARM
		{738048A2-E720-4126-A607-8DB618E624C8}.Debug|iPhone.ActiveCfg = Debug|x86
		{738048A2-E720-4126-A607-8DB618E624C8}.Debug|iPhoneSimulator.ActiveCfg = Debug|x86
		{738048A2-E720-4126-A607-8DB618E624C8}.Debug|x64.ActiveCfg = Debug|x64
		{738048A2-E720-4126-A607-8DB618E624C8}.Debug|x64.Build.0 = Debug|x64
		{738048A2-E720-4126-A607-8DB618E624C8}.Debug|x64.Deploy.0 = Debug|x64
		{738048A2-E720-4126-A607-8DB618E624C8}.Debug|x86.ActiveCfg = Debug|x86
		{738048A2-E720-4126-A607-8DB618E624C8}.Debug|x86.Build.0 = Debug|x86
		{738048A2-E720-4126-A607-8DB618E624C8}.Debug|x86.Deploy.0 = Debug|x86
		{738048A2-E720-4126-A607-8DB618E624C8}.Release|Any CPU.ActiveCfg = Release|x86
		{738048A2-E720-4126-A607-8DB618E624C8}.Release|ARM.ActiveCfg = Release|ARM
		{738048A2-E720-4126-A607-8DB618E624C8}.Release|ARM.Build.0 = Release|ARM
		{738048A2-E720-4126-A607-8DB618E624C8}.Release|ARM.Deploy.0 = Release|ARM
		{738048A2-E720-4126-A607-8DB618E624C8}.Release|iPhone.ActiveCfg = Release|x86
		{738048A2-E720-4126-A607-8DB618E624C8}.Release|iPhoneSimulator.ActiveCfg = Release|x86
		{738048A2-E720-4126-A607-8DB618E624C8}.Release|x64.ActiveCfg = Release|x64
		{738048A2-E720-4126-A607-8DB618E624C8}.Release|x64.Build.0 = Release|x64
		{738048A2-E720-4126-A607-8DB618E624C8}.Release|x64.Deploy.0 = Release|x64
		{738048A2-E720-4126-A607-8DB618E624C8}.Release|x86.ActiveCfg = Release|x86
		{738048A2-E720-4126-A607-8DB618E624C8}.Release|x86.Build.0 = Release|x86
		{738048A2-E720-4126-A607-8DB618E624C8}.Release|x86.Deploy.0 = Release|x86
		{ADFC6B63-2F63-499D-94D6-9BA30562F107}.Ad-Hoc|Any CPU.ActiveCfg = Ad-Hoc|iPhone
		{ADFC6B63-2F63-499D-94D6-9BA30562F107}.Ad-Hoc|ARM.ActiveCfg = Ad-Hoc|iPhone
		{ADFC6B63-2F63-499D-94D6-9BA30562F107}.Ad-Hoc|iPhone.ActiveCfg = Ad-Hoc|iPhone
		{ADFC6B63-2F63-499D-94D6-9BA30562F107}.Ad-Hoc|iPhone.Build.0 = Ad-Hoc|iPhone
		{ADFC6B63-2F63-499D-94D6-9BA30562F107}.Ad-Hoc|iPhoneSimulator.ActiveCfg = Ad-Hoc|iPhoneSimulator
		{ADFC6B63-2F63-499D-94D6-9BA30562F107}.Ad-Hoc|iPhoneSimulator.Build.0 = Ad-Hoc|iPhoneSimulator
		{ADFC6B63-2F63-499D-94D6-9BA30562F107}.Ad-Hoc|x64.ActiveCfg = Ad-Hoc|iPhone
		{ADFC6B63-2F63-499D-94D6-9BA30562F107}.Ad-Hoc|x86.ActiveCfg = Ad-Hoc|iPhone
		{ADFC6B63-2F63-499D-94D6-9BA30562F107}.AppStore|Any CPU.ActiveCfg = AppStore|iPhone
		{ADFC6B63-2F63-499D-94D6-9BA30562F107}.AppStore|ARM.ActiveCfg = AppStore|iPhone
		{ADFC6B63-2F63-499D-94D6-9BA30562F107}.AppStore|iPhone.ActiveCfg = AppStore|iPhone
		{ADFC6B63-2F63-499D-94D6-9BA30562F107}.AppStore|iPhone.Build.0 = AppStore|iPhone
		{ADFC6B63-2F63-499D-94D6-9BA30562F107}.AppStore|iPhoneSimulator.ActiveCfg = AppStore|iPhoneSimulator
		{ADFC6B63-2F63-499D-94D6-9BA30562F107}.AppStore|iPhoneSimulator.Build.0 = AppStore|iPhoneSimulator
		{ADFC6B63-2F63-499D-94D6-9BA30562F107}.AppStore|x64.ActiveCfg = AppStore|iPhone
		{ADFC6B63-2F63-499D-94D6-9BA30562F107}.AppStore|x86.ActiveCfg = AppStore|iPhone
		{ADFC6B63-2F63-499D-94D6-9BA30562F107}.Debug|Any CPU.ActiveCfg = Debug|iPhone
		{ADFC6B63-2F63-499D-94D6-9BA30562F107}.Debug|ARM.ActiveCfg = Debug|iPhone
		{ADFC6B63-2F63-499D-94D6-9BA30562F107}.Debug|iPhone.ActiveCfg = Debug|iPhone
		{ADFC6B63-2F63-499D-94D6-9BA30562F107}.Debug|iPhone.Build.0 = Debug|iPhone
		{ADFC6B63-2F63-499D-94D6-9BA30562F107}.Debug|iPhoneSimulator.ActiveCfg = Debug|iPhoneSimulator
		{ADFC6B63-2F63-499D-94D6-9BA30562F107}.Debug|iPhoneSimulator.Build.0 = Debug|iPhoneSimulator
		{ADFC6B63-2F63-499D-94D6-9BA30562F107}.Debug|x64.ActiveCfg = Debug|iPhone
		{ADFC6B63-2F63-499D-94D6-9BA30562F107}.Debug|x86.ActiveCfg = Debug|iPhone
		{ADFC6B63-2F63-499D-94D6-9BA30562F107}.Release|Any CPU.ActiveCfg = Release|iPhone
		{ADFC6B63-2F63-499D-94D6-9BA30562F107}.Release|ARM.ActiveCfg = Release|iPhone
		{ADFC6B63-2F63-499D-94D6-9BA30562F107}.Release|iPhone.ActiveCfg = Release|iPhone
		{ADFC6B63-2F63-499D-94D6-9BA30562F107}.Release|iPhone.Build.0 = Release|iPhone
		{ADFC6B63-2F63-499D-94D6-9BA30562F107}.Release|iPhoneSimulator.ActiveCfg = Release|iPhoneSimulator
		{ADFC6B63-2F63-499D-94D6-9BA30562F107}.Release|iPhoneSimulator.Build.0 = Release|iPhoneSimulator
		{ADFC6B63-2F63-499D-94D6-9BA30562F107}.Release|x64.ActiveCfg = Release|iPhone
		{ADFC6B63-2F63-499D-94D6-9BA30562F107}.Release|x86.ActiveCfg = Release|iPhone
	EndGlobalSection
	GlobalSection(SolutionProperties) = preSolution
		HideSolutionNode = FALSE
	EndGlobalSection
	GlobalSection(ExtensibilityGlobals) = postSolution
		SolutionGuid = {11BDD09A-3E1E-40C6-990B-5B2DC6A53A3F}
	EndGlobalSection
EndGlobal
